// !$*UTF8*$!
{
	archiveVersion = 1;
	classes = {
	};
	objectVersion = 56;
	objects = {

/* Begin PBXBuildFile section */
		4A988F682B1A956000951CB6 /* dayOneInput.txt in Resources */ = {isa = PBXBuildFile; fileRef = 4A988F672B1A956000951CB6 /* dayOneInput.txt */; };
		4A988F6A2B1A957300951CB6 /* dayOne.swift in Sources */ = {isa = PBXBuildFile; fileRef = 4A988F692B1A957300951CB6 /* dayOne.swift */; };
		4A988F6D2B1D1A5600951CB6 /* dayTwo.swift in Sources */ = {isa = PBXBuildFile; fileRef = 4A988F6C2B1D1A5600951CB6 /* dayTwo.swift */; };
		4A988F6F2B1D1A6100951CB6 /* dayTwoInput.txt in Resources */ = {isa = PBXBuildFile; fileRef = 4A988F6E2B1D1A6100951CB6 /* dayTwoInput.txt */; };
		4A988F722B1ECD7100951CB6 /* dayThree.swift in Sources */ = {isa = PBXBuildFile; fileRef = 4A988F712B1ECD7100951CB6 /* dayThree.swift */; };
		4A988F742B1ECD8400951CB6 /* dayThreeInput.txt in Resources */ = {isa = PBXBuildFile; fileRef = 4A988F732B1ECD8400951CB6 /* dayThreeInput.txt */; };
		4A988F762B1ECEA900951CB6 /* loadFile.swift in Sources */ = {isa = PBXBuildFile; fileRef = 4A988F752B1ECEA900951CB6 /* loadFile.swift */; };
		4A988F792B1FE3B500951CB6 /* dayFour.swift in Sources */ = {isa = PBXBuildFile; fileRef = 4A988F782B1FE3B500951CB6 /* dayFour.swift */; };
		4A988F7B2B1FE3E300951CB6 /* dayFourInput.txt in Resources */ = {isa = PBXBuildFile; fileRef = 4A988F7A2B1FE3E300951CB6 /* dayFourInput.txt */; };
		4AAA88D52B17F388005375D3 /* AdventOfCode2023App.swift in Sources */ = {isa = PBXBuildFile; fileRef = 4AAA88D42B17F388005375D3 /* AdventOfCode2023App.swift */; };
		4AAA88D72B17F388005375D3 /* ContentView.swift in Sources */ = {isa = PBXBuildFile; fileRef = 4AAA88D62B17F388005375D3 /* ContentView.swift */; };
		4AAA88D92B17F389005375D3 /* Assets.xcassets in Resources */ = {isa = PBXBuildFile; fileRef = 4AAA88D82B17F389005375D3 /* Assets.xcassets */; };
		4AAA88DC2B17F389005375D3 /* Preview Assets.xcassets in Resources */ = {isa = PBXBuildFile; fileRef = 4AAA88DB2B17F389005375D3 /* Preview Assets.xcassets */; };
		4AAA88E62B17F389005375D3 /* AdventOfCode2023Tests.swift in Sources */ = {isa = PBXBuildFile; fileRef = 4AAA88E52B17F389005375D3 /* AdventOfCode2023Tests.swift */; };
		4AAA88F02B17F389005375D3 /* AdventOfCode2023UITests.swift in Sources */ = {isa = PBXBuildFile; fileRef = 4AAA88EF2B17F389005375D3 /* AdventOfCode2023UITests.swift */; };
		4AAA88F22B17F389005375D3 /* AdventOfCode2023UITestsLaunchTests.swift in Sources */ = {isa = PBXBuildFile; fileRef = 4AAA88F12B17F389005375D3 /* AdventOfCode2023UITestsLaunchTests.swift */; };
		4AAA88FF2B17FBE4005375D3 /* AdventDetail.swift in Sources */ = {isa = PBXBuildFile; fileRef = 4AAA88FE2B17FBE4005375D3 /* AdventDetail.swift */; };
		4AAA89012B17FC0E005375D3 /* Advent.swift in Sources */ = {isa = PBXBuildFile; fileRef = 4AAA89002B17FC0E005375D3 /* Advent.swift */; };
/* End PBXBuildFile section */

/* Begin PBXContainerItemProxy section */
		4AAA88E22B17F389005375D3 /* PBXContainerItemProxy */ = {
			isa = PBXContainerItemProxy;
			containerPortal = 4AAA88C92B17F388005375D3 /* Project object */;
			proxyType = 1;
			remoteGlobalIDString = 4AAA88D02B17F388005375D3;
			remoteInfo = AdventOfCode2023;
		};
		4AAA88EC2B17F389005375D3 /* PBXContainerItemProxy */ = {
			isa = PBXContainerItemProxy;
			containerPortal = 4AAA88C92B17F388005375D3 /* Project object */;
			proxyType = 1;
			remoteGlobalIDString = 4AAA88D02B17F388005375D3;
			remoteInfo = AdventOfCode2023;
		};
/* End PBXContainerItemProxy section */

/* Begin PBXFileReference section */
		4A988F672B1A956000951CB6 /* dayOneInput.txt */ = {isa = PBXFileReference; lastKnownFileType = text; path = dayOneInput.txt; sourceTree = "<group>"; };
		4A988F692B1A957300951CB6 /* dayOne.swift */ = {isa = PBXFileReference; lastKnownFileType = sourcecode.swift; path = dayOne.swift; sourceTree = "<group>"; };
		4A988F6C2B1D1A5600951CB6 /* dayTwo.swift */ = {isa = PBXFileReference; lastKnownFileType = sourcecode.swift; path = dayTwo.swift; sourceTree = "<group>"; };
		4A988F6E2B1D1A6100951CB6 /* dayTwoInput.txt */ = {isa = PBXFileReference; lastKnownFileType = text; path = dayTwoInput.txt; sourceTree = "<group>"; };
		4A988F712B1ECD7100951CB6 /* dayThree.swift */ = {isa = PBXFileReference; lastKnownFileType = sourcecode.swift; path = dayThree.swift; sourceTree = "<group>"; };
		4A988F732B1ECD8400951CB6 /* dayThreeInput.txt */ = {isa = PBXFileReference; lastKnownFileType = text; path = dayThreeInput.txt; sourceTree = "<group>"; };
		4A988F752B1ECEA900951CB6 /* loadFile.swift */ = {isa = PBXFileReference; lastKnownFileType = sourcecode.swift; path = loadFile.swift; sourceTree = "<group>"; };
		4A988F782B1FE3B500951CB6 /* dayFour.swift */ = {isa = PBXFileReference; lastKnownFileType = sourcecode.swift; path = dayFour.swift; sourceTree = "<group>"; };
		4A988F7A2B1FE3E300951CB6 /* dayFourInput.txt */ = {isa = PBXFileReference; lastKnownFileType = text; path = dayFourInput.txt; sourceTree = "<group>"; };
		4AAA88D12B17F388005375D3 /* AdventOfCode2023.app */ = {isa = PBXFileReference; explicitFileType = wrapper.application; includeInIndex = 0; path = AdventOfCode2023.app; sourceTree = BUILT_PRODUCTS_DIR; };
		4AAA88D42B17F388005375D3 /* AdventOfCode2023App.swift */ = {isa = PBXFileReference; lastKnownFileType = sourcecode.swift; path = AdventOfCode2023App.swift; sourceTree = "<group>"; };
		4AAA88D62B17F388005375D3 /* ContentView.swift */ = {isa = PBXFileReference; lastKnownFileType = sourcecode.swift; path = ContentView.swift; sourceTree = "<group>"; };
		4AAA88D82B17F389005375D3 /* Assets.xcassets */ = {isa = PBXFileReference; lastKnownFileType = folder.assetcatalog; path = Assets.xcassets; sourceTree = "<group>"; };
		4AAA88DB2B17F389005375D3 /* Preview Assets.xcassets */ = {isa = PBXFileReference; lastKnownFileType = folder.assetcatalog; path = "Preview Assets.xcassets"; sourceTree = "<group>"; };
		4AAA88E12B17F389005375D3 /* AdventOfCode2023Tests.xctest */ = {isa = PBXFileReference; explicitFileType = wrapper.cfbundle; includeInIndex = 0; path = AdventOfCode2023Tests.xctest; sourceTree = BUILT_PRODUCTS_DIR; };
		4AAA88E52B17F389005375D3 /* AdventOfCode2023Tests.swift */ = {isa = PBXFileReference; lastKnownFileType = sourcecode.swift; path = AdventOfCode2023Tests.swift; sourceTree = "<group>"; };
		4AAA88EB2B17F389005375D3 /* AdventOfCode2023UITests.xctest */ = {isa = PBXFileReference; explicitFileType = wrapper.cfbundle; includeInIndex = 0; path = AdventOfCode2023UITests.xctest; sourceTree = BUILT_PRODUCTS_DIR; };
		4AAA88EF2B17F389005375D3 /* AdventOfCode2023UITests.swift */ = {isa = PBXFileReference; lastKnownFileType = sourcecode.swift; path = AdventOfCode2023UITests.swift; sourceTree = "<group>"; };
		4AAA88F12B17F389005375D3 /* AdventOfCode2023UITestsLaunchTests.swift */ = {isa = PBXFileReference; lastKnownFileType = sourcecode.swift; path = AdventOfCode2023UITestsLaunchTests.swift; sourceTree = "<group>"; };
		4AAA88FE2B17FBE4005375D3 /* AdventDetail.swift */ = {isa = PBXFileReference; lastKnownFileType = sourcecode.swift; path = AdventDetail.swift; sourceTree = "<group>"; };
		4AAA89002B17FC0E005375D3 /* Advent.swift */ = {isa = PBXFileReference; lastKnownFileType = sourcecode.swift; path = Advent.swift; sourceTree = "<group>"; };
/* End PBXFileReference section */

/* Begin PBXFrameworksBuildPhase section */
		4AAA88CE2B17F388005375D3 /* Frameworks */ = {
			isa = PBXFrameworksBuildPhase;
			buildActionMask = 2147483647;
			files = (
			);
			runOnlyForDeploymentPostprocessing = 0;
		};
		4AAA88DE2B17F389005375D3 /* Frameworks */ = {
			isa = PBXFrameworksBuildPhase;
			buildActionMask = 2147483647;
			files = (
			);
			runOnlyForDeploymentPostprocessing = 0;
		};
		4AAA88E82B17F389005375D3 /* Frameworks */ = {
			isa = PBXFrameworksBuildPhase;
			buildActionMask = 2147483647;
			files = (
			);
			runOnlyForDeploymentPostprocessing = 0;
		};
/* End PBXFrameworksBuildPhase section */

/* Begin PBXGroup section */
		4A988F662B1A955100951CB6 /* DayOne */ = {
			isa = PBXGroup;
			children = (
				4A988F672B1A956000951CB6 /* dayOneInput.txt */,
				4A988F692B1A957300951CB6 /* dayOne.swift */,
			);
			path = DayOne;
			sourceTree = "<group>";
		};
		4A988F6B2B1D1A4600951CB6 /* Day Two */ = {
			isa = PBXGroup;
			children = (
				4A988F6C2B1D1A5600951CB6 /* dayTwo.swift */,
				4A988F6E2B1D1A6100951CB6 /* dayTwoInput.txt */,
			);
			path = "Day Two";
			sourceTree = "<group>";
		};
		4A988F702B1ECD6300951CB6 /* Day Three */ = {
			isa = PBXGroup;
			children = (
				4A988F712B1ECD7100951CB6 /* dayThree.swift */,
				4A988F732B1ECD8400951CB6 /* dayThreeInput.txt */,
			);
			path = "Day Three";
			sourceTree = "<group>";
		};
		4A988F772B1FE3AA00951CB6 /* Day Four */ = {
			isa = PBXGroup;
			children = (
				4A988F782B1FE3B500951CB6 /* dayFour.swift */,
				4A988F7A2B1FE3E300951CB6 /* dayFourInput.txt */,
			);
			path = "Day Four";
			sourceTree = "<group>";
		};
		4AAA88C82B17F388005375D3 = {
			isa = PBXGroup;
			children = (
				4AAA88D32B17F388005375D3 /* AdventOfCode2023 */,
				4AAA88E42B17F389005375D3 /* AdventOfCode2023Tests */,
				4AAA88EE2B17F389005375D3 /* AdventOfCode2023UITests */,
				4AAA88D22B17F388005375D3 /* Products */,
			);
			sourceTree = "<group>";
		};
		4AAA88D22B17F388005375D3 /* Products */ = {
			isa = PBXGroup;
			children = (
				4AAA88D12B17F388005375D3 /* AdventOfCode2023.app */,
				4AAA88E12B17F389005375D3 /* AdventOfCode2023Tests.xctest */,
				4AAA88EB2B17F389005375D3 /* AdventOfCode2023UITests.xctest */,
			);
			name = Products;
			sourceTree = "<group>";
		};
		4AAA88D32B17F388005375D3 /* AdventOfCode2023 */ = {
			isa = PBXGroup;
			children = (
				4A988F772B1FE3AA00951CB6 /* Day Four */,
				4A988F702B1ECD6300951CB6 /* Day Three */,
				4A988F6B2B1D1A4600951CB6 /* Day Two */,
				4A988F662B1A955100951CB6 /* DayOne */,
				4AAA88D42B17F388005375D3 /* AdventOfCode2023App.swift */,
				4AAA88D62B17F388005375D3 /* ContentView.swift */,
				4AAA88D82B17F389005375D3 /* Assets.xcassets */,
				4AAA88DA2B17F389005375D3 /* Preview Content */,
				4AAA88FE2B17FBE4005375D3 /* AdventDetail.swift */,
				4AAA89002B17FC0E005375D3 /* Advent.swift */,
				4A988F752B1ECEA900951CB6 /* loadFile.swift */,
			);
			path = AdventOfCode2023;
			sourceTree = "<group>";
		};
		4AAA88DA2B17F389005375D3 /* Preview Content */ = {
			isa = PBXGroup;
			children = (
				4AAA88DB2B17F389005375D3 /* Preview Assets.xcassets */,
			);
			path = "Preview Content";
			sourceTree = "<group>";
		};
		4AAA88E42B17F389005375D3 /* AdventOfCode2023Tests */ = {
			isa = PBXGroup;
			children = (
				4AAA88E52B17F389005375D3 /* AdventOfCode2023Tests.swift */,
			);
			path = AdventOfCode2023Tests;
			sourceTree = "<group>";
		};
		4AAA88EE2B17F389005375D3 /* AdventOfCode2023UITests */ = {
			isa = PBXGroup;
			children = (
				4AAA88EF2B17F389005375D3 /* AdventOfCode2023UITests.swift */,
				4AAA88F12B17F389005375D3 /* AdventOfCode2023UITestsLaunchTests.swift */,
			);
			path = AdventOfCode2023UITests;
			sourceTree = "<group>";
		};
/* End PBXGroup section */

/* Begin PBXNativeTarget section */
		4AAA88D02B17F388005375D3 /* AdventOfCode2023 */ = {
			isa = PBXNativeTarget;
			buildConfigurationList = 4AAA88F52B17F389005375D3 /* Build configuration list for PBXNativeTarget "AdventOfCode2023" */;
			buildPhases = (
				4AAA88CD2B17F388005375D3 /* Sources */,
				4AAA88CE2B17F388005375D3 /* Frameworks */,
				4AAA88CF2B17F388005375D3 /* Resources */,
			);
			buildRules = (
			);
			dependencies = (
			);
			name = AdventOfCode2023;
			productName = AdventOfCode2023;
			productReference = 4AAA88D12B17F388005375D3 /* AdventOfCode2023.app */;
			productType = "com.apple.product-type.application";
		};
		4AAA88E02B17F389005375D3 /* AdventOfCode2023Tests */ = {
			isa = PBXNativeTarget;
			buildConfigurationList = 4AAA88F82B17F389005375D3 /* Build configuration list for PBXNativeTarget "AdventOfCode2023Tests" */;
			buildPhases = (
				4AAA88DD2B17F389005375D3 /* Sources */,
				4AAA88DE2B17F389005375D3 /* Frameworks */,
				4AAA88DF2B17F389005375D3 /* Resources */,
			);
			buildRules = (
			);
			dependencies = (
				4AAA88E32B17F389005375D3 /* PBXTargetDependency */,
			);
			name = AdventOfCode2023Tests;
			productName = AdventOfCode2023Tests;
			productReference = 4AAA88E12B17F389005375D3 /* AdventOfCode2023Tests.xctest */;
			productType = "com.apple.product-type.bundle.unit-test";
		};
		4AAA88EA2B17F389005375D3 /* AdventOfCode2023UITests */ = {
			isa = PBXNativeTarget;
			buildConfigurationList = 4AAA88FB2B17F389005375D3 /* Build configuration list for PBXNativeTarget "AdventOfCode2023UITests" */;
			buildPhases = (
				4AAA88E72B17F389005375D3 /* Sources */,
				4AAA88E82B17F389005375D3 /* Frameworks */,
				4AAA88E92B17F389005375D3 /* Resources */,
			);
			buildRules = (
			);
			dependencies = (
				4AAA88ED2B17F389005375D3 /* PBXTargetDependency */,
			);
			name = AdventOfCode2023UITests;
			productName = AdventOfCode2023UITests;
			productReference = 4AAA88EB2B17F389005375D3 /* AdventOfCode2023UITests.xctest */;
			productType = "com.apple.product-type.bundle.ui-testing";
		};
/* End PBXNativeTarget section */

/* Begin PBXProject section */
		4AAA88C92B17F388005375D3 /* Project object */ = {
			isa = PBXProject;
			attributes = {
				BuildIndependentTargetsInParallel = 1;
				LastSwiftUpdateCheck = 1500;
				LastUpgradeCheck = 1500;
				TargetAttributes = {
					4AAA88D02B17F388005375D3 = {
						CreatedOnToolsVersion = 15.0.1;
					};
					4AAA88E02B17F389005375D3 = {
						CreatedOnToolsVersion = 15.0.1;
						TestTargetID = 4AAA88D02B17F388005375D3;
					};
					4AAA88EA2B17F389005375D3 = {
						CreatedOnToolsVersion = 15.0.1;
						TestTargetID = 4AAA88D02B17F388005375D3;
					};
				};
			};
			buildConfigurationList = 4AAA88CC2B17F388005375D3 /* Build configuration list for PBXProject "AdventOfCode2023" */;
			compatibilityVersion = "Xcode 14.0";
			developmentRegion = en;
			hasScannedForEncodings = 0;
			knownRegions = (
				en,
				Base,
			);
			mainGroup = 4AAA88C82B17F388005375D3;
			productRefGroup = 4AAA88D22B17F388005375D3 /* Products */;
			projectDirPath = "";
			projectRoot = "";
			targets = (
				4AAA88D02B17F388005375D3 /* AdventOfCode2023 */,
				4AAA88E02B17F389005375D3 /* AdventOfCode2023Tests */,
				4AAA88EA2B17F389005375D3 /* AdventOfCode2023UITests */,
			);
		};
/* End PBXProject section */

/* Begin PBXResourcesBuildPhase section */
		4AAA88CF2B17F388005375D3 /* Resources */ = {
			isa = PBXResourcesBuildPhase;
			buildActionMask = 2147483647;
			files = (
				4AAA88DC2B17F389005375D3 /* Preview Assets.xcassets in Resources */,
				4AAA88D92B17F389005375D3 /* Assets.xcassets in Resources */,
				4A988F742B1ECD8400951CB6 /* dayThreeInput.txt in Resources */,
				4A988F682B1A956000951CB6 /* dayOneInput.txt in Resources */,
				4A988F7B2B1FE3E300951CB6 /* dayFourInput.txt in Resources */,
				4A988F6F2B1D1A6100951CB6 /* dayTwoInput.txt in Resources */,
			);
			runOnlyForDeploymentPostprocessing = 0;
		};
		4AAA88DF2B17F389005375D3 /* Resources */ = {
			isa = PBXResourcesBuildPhase;
			buildActionMask = 2147483647;
			files = (
			);
			runOnlyForDeploymentPostprocessing = 0;
		};
		4AAA88E92B17F389005375D3 /* Resources */ = {
			isa = PBXResourcesBuildPhase;
			buildActionMask = 2147483647;
			files = (
			);
			runOnlyForDeploymentPostprocessing = 0;
		};
/* End PBXResourcesBuildPhase section */

/* Begin PBXSourcesBuildPhase section */
		4AAA88CD2B17F388005375D3 /* Sources */ = {
			isa = PBXSourcesBuildPhase;
			buildActionMask = 2147483647;
			files = (
				4A988F6A2B1A957300951CB6 /* dayOne.swift in Sources */,
				4A988F762B1ECEA900951CB6 /* loadFile.swift in Sources */,
				4AAA88FF2B17FBE4005375D3 /* AdventDetail.swift in Sources */,
				4AAA89012B17FC0E005375D3 /* Advent.swift in Sources */,
				4A988F722B1ECD7100951CB6 /* dayThree.swift in Sources */,
				4AAA88D72B17F388005375D3 /* ContentView.swift in Sources */,
				4A988F6D2B1D1A5600951CB6 /* dayTwo.swift in Sources */,
				4A988F792B1FE3B500951CB6 /* dayFour.swift in Sources */,
				4AAA88D52B17F388005375D3 /* AdventOfCode2023App.swift in Sources */,
			);
			runOnlyForDeploymentPostprocessing = 0;
		};
		4AAA88DD2B17F389005375D3 /* Sources */ = {
			isa = PBXSourcesBuildPhase;
			buildActionMask = 2147483647;
			files = (
				4AAA88E62B17F389005375D3 /* AdventOfCode2023Tests.swift in Sources */,
			);
			runOnlyForDeploymentPostprocessing = 0;
		};
		4AAA88E72B17F389005375D3 /* Sources */ = {
			isa = PBXSourcesBuildPhase;
			buildActionMask = 2147483647;
			files = (
				4AAA88F02B17F389005375D3 /* AdventOfCode2023UITests.swift in Sources */,
				4AAA88F22B17F389005375D3 /* AdventOfCode2023UITestsLaunchTests.swift in Sources */,
			);
			runOnlyForDeploymentPostprocessing = 0;
		};
/* End PBXSourcesBuildPhase section */

/* Begin PBXTargetDependency section */
		4AAA88E32B17F389005375D3 /* PBXTargetDependency */ = {
			isa = PBXTargetDependency;
			target = 4AAA88D02B17F388005375D3 /* AdventOfCode2023 */;
			targetProxy = 4AAA88E22B17F389005375D3 /* PBXContainerItemProxy */;
		};
		4AAA88ED2B17F389005375D3 /* PBXTargetDependency */ = {
			isa = PBXTargetDependency;
			target = 4AAA88D02B17F388005375D3 /* AdventOfCode2023 */;
			targetProxy = 4AAA88EC2B17F389005375D3 /* PBXContainerItemProxy */;
		};
/* End PBXTargetDependency section */

/* Begin XCBuildConfiguration section */
		4AAA88F32B17F389005375D3 /* Debug */ = {
			isa = XCBuildConfiguration;
			buildSettings = {
				ALWAYS_SEARCH_USER_PATHS = NO;
				ASSETCATALOG_COMPILER_GENERATE_SWIFT_ASSET_SYMBOL_EXTENSIONS = YES;
				CLANG_ANALYZER_NONNULL = YES;
				CLANG_ANALYZER_NUMBER_OBJECT_CONVERSION = YES_AGGRESSIVE;
				CLANG_CXX_LANGUAGE_STANDARD = "gnu++20";
				CLANG_ENABLE_MODULES = YES;
				CLANG_ENABLE_OBJC_ARC = YES;
				CLANG_ENABLE_OBJC_WEAK = YES;
				CLANG_WARN_BLOCK_CAPTURE_AUTORELEASING = YES;
				CLANG_WARN_BOOL_CONVERSION = YES;
				CLANG_WARN_COMMA = YES;
				CLANG_WARN_CONSTANT_CONVERSION = YES;
				CLANG_WARN_DEPRECATED_OBJC_IMPLEMENTATIONS = YES;
				CLANG_WARN_DIRECT_OBJC_ISA_USAGE = YES_ERROR;
				CLANG_WARN_DOCUMENTATION_COMMENTS = YES;
				CLANG_WARN_EMPTY_BODY = YES;
				CLANG_WARN_ENUM_CONVERSION = YES;
				CLANG_WARN_INFINITE_RECURSION = YES;
				CLANG_WARN_INT_CONVERSION = YES;
				CLANG_WARN_NON_LITERAL_NULL_CONVERSION = YES;
				CLANG_WARN_OBJC_IMPLICIT_RETAIN_SELF = YES;
				CLANG_WARN_OBJC_LITERAL_CONVERSION = YES;
				CLANG_WARN_OBJC_ROOT_CLASS = YES_ERROR;
				CLANG_WARN_QUOTED_INCLUDE_IN_FRAMEWORK_HEADER = YES;
				CLANG_WARN_RANGE_LOOP_ANALYSIS = YES;
				CLANG_WARN_STRICT_PROTOTYPES = YES;
				CLANG_WARN_SUSPICIOUS_MOVE = YES;
				CLANG_WARN_UNGUARDED_AVAILABILITY = YES_AGGRESSIVE;
				CLANG_WARN_UNREACHABLE_CODE = YES;
				CLANG_WARN__DUPLICATE_METHOD_MATCH = YES;
				COPY_PHASE_STRIP = NO;
				DEBUG_INFORMATION_FORMAT = dwarf;
				ENABLE_STRICT_OBJC_MSGSEND = YES;
				ENABLE_TESTABILITY = YES;
				ENABLE_USER_SCRIPT_SANDBOXING = YES;
				GCC_C_LANGUAGE_STANDARD = gnu17;
				GCC_DYNAMIC_NO_PIC = NO;
				GCC_NO_COMMON_BLOCKS = YES;
				GCC_OPTIMIZATION_LEVEL = 0;
				GCC_PREPROCESSOR_DEFINITIONS = (
					"DEBUG=1",
					"$(inherited)",
				);
				GCC_WARN_64_TO_32_BIT_CONVERSION = YES;
				GCC_WARN_ABOUT_RETURN_TYPE = YES_ERROR;
				GCC_WARN_UNDECLARED_SELECTOR = YES;
				GCC_WARN_UNINITIALIZED_AUTOS = YES_AGGRESSIVE;
				GCC_WARN_UNUSED_FUNCTION = YES;
				GCC_WARN_UNUSED_VARIABLE = YES;
				IPHONEOS_DEPLOYMENT_TARGET = 17.0;
				LOCALIZATION_PREFERS_STRING_CATALOGS = YES;
				MTL_ENABLE_DEBUG_INFO = INCLUDE_SOURCE;
				MTL_FAST_MATH = YES;
				ONLY_ACTIVE_ARCH = YES;
				SDKROOT = iphoneos;
				SWIFT_ACTIVE_COMPILATION_CONDITIONS = "DEBUG $(inherited)";
				SWIFT_OPTIMIZATION_LEVEL = "-Onone";
			};
			name = Debug;
		};
		4AAA88F42B17F389005375D3 /* Release */ = {
			isa = XCBuildConfiguration;
			buildSettings = {
				ALWAYS_SEARCH_USER_PATHS = NO;
				ASSETCATALOG_COMPILER_GENERATE_SWIFT_ASSET_SYMBOL_EXTENSIONS = YES;
				CLANG_ANALYZER_NONNULL = YES;
				CLANG_ANALYZER_NUMBER_OBJECT_CONVERSION = YES_AGGRESSIVE;
				CLANG_CXX_LANGUAGE_STANDARD = "gnu++20";
				CLANG_ENABLE_MODULES = YES;
				CLANG_ENABLE_OBJC_ARC = YES;
				CLANG_ENABLE_OBJC_WEAK = YES;
				CLANG_WARN_BLOCK_CAPTURE_AUTORELEASING = YES;
				CLANG_WARN_BOOL_CONVERSION = YES;
				CLANG_WARN_COMMA = YES;
				CLANG_WARN_CONSTANT_CONVERSION = YES;
				CLANG_WARN_DEPRECATED_OBJC_IMPLEMENTATIONS = YES;
				CLANG_WARN_DIRECT_OBJC_ISA_USAGE = YES_ERROR;
				CLANG_WARN_DOCUMENTATION_COMMENTS = YES;
				CLANG_WARN_EMPTY_BODY = YES;
				CLANG_WARN_ENUM_CONVERSION = YES;
				CLANG_WARN_INFINITE_RECURSION = YES;
				CLANG_WARN_INT_CONVERSION = YES;
				CLANG_WARN_NON_LITERAL_NULL_CONVERSION = YES;
				CLANG_WARN_OBJC_IMPLICIT_RETAIN_SELF = YES;
				CLANG_WARN_OBJC_LITERAL_CONVERSION = YES;
				CLANG_WARN_OBJC_ROOT_CLASS = YES_ERROR;
				CLANG_WARN_QUOTED_INCLUDE_IN_FRAMEWORK_HEADER = YES;
				CLANG_WARN_RANGE_LOOP_ANALYSIS = YES;
				CLANG_WARN_STRICT_PROTOTYPES = YES;
				CLANG_WARN_SUSPICIOUS_MOVE = YES;
				CLANG_WARN_UNGUARDED_AVAILABILITY = YES_AGGRESSIVE;
				CLANG_WARN_UNREACHABLE_CODE = YES;
				CLANG_WARN__DUPLICATE_METHOD_MATCH = YES;
				COPY_PHASE_STRIP = NO;
				DEBUG_INFORMATION_FORMAT = "dwarf-with-dsym";
				ENABLE_NS_ASSERTIONS = NO;
				ENABLE_STRICT_OBJC_MSGSEND = YES;
				ENABLE_USER_SCRIPT_SANDBOXING = YES;
				GCC_C_LANGUAGE_STANDARD = gnu17;
				GCC_NO_COMMON_BLOCKS = YES;
				GCC_WARN_64_TO_32_BIT_CONVERSION = YES;
				GCC_WARN_ABOUT_RETURN_TYPE = YES_ERROR;
				GCC_WARN_UNDECLARED_SELECTOR = YES;
				GCC_WARN_UNINITIALIZED_AUTOS = YES_AGGRESSIVE;
				GCC_WARN_UNUSED_FUNCTION = YES;
				GCC_WARN_UNUSED_VARIABLE = YES;
				IPHONEOS_DEPLOYMENT_TARGET = 17.0;
				LOCALIZATION_PREFERS_STRING_CATALOGS = YES;
				MTL_ENABLE_DEBUG_INFO = NO;
				MTL_FAST_MATH = YES;
				SDKROOT = iphoneos;
				SWIFT_COMPILATION_MODE = wholemodule;
				VALIDATE_PRODUCT = YES;
			};
			name = Release;
		};
		4AAA88F62B17F389005375D3 /* Debug */ = {
			isa = XCBuildConfiguration;
			buildSettings = {
				ASSETCATALOG_COMPILER_APPICON_NAME = AppIcon;
				ASSETCATALOG_COMPILER_GLOBAL_ACCENT_COLOR_NAME = AccentColor;
				CODE_SIGN_STYLE = Automatic;
				CURRENT_PROJECT_VERSION = 1;
				DEVELOPMENT_ASSET_PATHS = "\"AdventOfCode2023/Preview Content\"";
				DEVELOPMENT_TEAM = TBD9WS93KZ;
				ENABLE_PREVIEWS = YES;
				GENERATE_INFOPLIST_FILE = YES;
				INFOPLIST_KEY_UIApplicationSceneManifest_Generation = YES;
				INFOPLIST_KEY_UIApplicationSupportsIndirectInputEvents = YES;
				INFOPLIST_KEY_UILaunchScreen_Generation = YES;
				INFOPLIST_KEY_UISupportedInterfaceOrientations_iPad = "UIInterfaceOrientationPortrait UIInterfaceOrientationPortraitUpsideDown UIInterfaceOrientationLandscapeLeft UIInterfaceOrientationLandscapeRight";
				INFOPLIST_KEY_UISupportedInterfaceOrientations_iPhone = "UIInterfaceOrientationPortrait UIInterfaceOrientationLandscapeLeft UIInterfaceOrientationLandscapeRight";
				LD_RUNPATH_SEARCH_PATHS = (
					"$(inherited)",
					"@executable_path/Frameworks",
				);
				MARKETING_VERSION = 1.0;
				PRODUCT_BUNDLE_IDENTIFIER = in.fishbe.AdventOfCode2023;
				PRODUCT_NAME = "$(TARGET_NAME)";
				SWIFT_EMIT_LOC_STRINGS = YES;
				SWIFT_VERSION = 5.0;
				TARGETED_DEVICE_FAMILY = "1,2";
			};
			name = Debug;
		};
		4AAA88F72B17F389005375D3 /* Release */ = {
			isa = XCBuildConfiguration;
			buildSettings = {
				ASSETCATALOG_COMPILER_APPICON_NAME = AppIcon;
				ASSETCATALOG_COMPILER_GLOBAL_ACCENT_COLOR_NAME = AccentColor;
				CODE_SIGN_STYLE = Automatic;
				CURRENT_PROJECT_VERSION = 1;
				DEVELOPMENT_ASSET_PATHS = "\"AdventOfCode2023/Preview Content\"";
				DEVELOPMENT_TEAM = TBD9WS93KZ;
				ENABLE_PREVIEWS = YES;
				GENERATE_INFOPLIST_FILE = YES;
				INFOPLIST_KEY_UIApplicationSceneManifest_Generation = YES;
				INFOPLIST_KEY_UIApplicationSupportsIndirectInputEvents = YES;
				INFOPLIST_KEY_UILaunchScreen_Generation = YES;
				INFOPLIST_KEY_UISupportedInterfaceOrientations_iPad = "UIInterfaceOrientationPortrait UIInterfaceOrientationPortraitUpsideDown UIInterfaceOrientationLandscapeLeft UIInterfaceOrientationLandscapeRight";
				INFOPLIST_KEY_UISupportedInterfaceOrientations_iPhone = "UIInterfaceOrientationPortrait UIInterfaceOrientationLandscapeLeft UIInterfaceOrientationLandscapeRight";
				LD_RUNPATH_SEARCH_PATHS = (
					"$(inherited)",
					"@executable_path/Frameworks",
				);
				MARKETING_VERSION = 1.0;
				PRODUCT_BUNDLE_IDENTIFIER = in.fishbe.AdventOfCode2023;
				PRODUCT_NAME = "$(TARGET_NAME)";
				SWIFT_EMIT_LOC_STRINGS = YES;
				SWIFT_VERSION = 5.0;
				TARGETED_DEVICE_FAMILY = "1,2";
			};
			name = Release;
		};
		4AAA88F92B17F389005375D3 /* Debug */ = {
			isa = XCBuildConfiguration;
			buildSettings = {
				ALWAYS_EMBED_SWIFT_STANDARD_LIBRARIES = YES;
				BUNDLE_LOADER = "$(TEST_HOST)";
				CODE_SIGN_STYLE = Automatic;
				CURRENT_PROJECT_VERSION = 1;
				DEVELOPMENT_TEAM = TBD9WS93KZ;
				GENERATE_INFOPLIST_FILE = YES;
				IPHONEOS_DEPLOYMENT_TARGET = 17.0;
				MARKETING_VERSION = 1.0;
				PRODUCT_BUNDLE_IDENTIFIER = in.fishbe.AdventOfCode2023Tests;
				PRODUCT_NAME = "$(TARGET_NAME)";
				SWIFT_EMIT_LOC_STRINGS = NO;
				SWIFT_VERSION = 5.0;
				TARGETED_DEVICE_FAMILY = "1,2";
				TEST_HOST = "$(BUILT_PRODUCTS_DIR)/AdventOfCode2023.app/$(BUNDLE_EXECUTABLE_FOLDER_PATH)/AdventOfCode2023";
			};
			name = Debug;
		};
		4AAA88FA2B17F389005375D3 /* Release */ = {
			isa = XCBuildConfiguration;
			buildSettings = {
				ALWAYS_EMBED_SWIFT_STANDARD_LIBRARIES = YES;
				BUNDLE_LOADER = "$(TEST_HOST)";
				CODE_SIGN_STYLE = Automatic;
				CURRENT_PROJECT_VERSION = 1;
				DEVELOPMENT_TEAM = TBD9WS93KZ;
				GENERATE_INFOPLIST_FILE = YES;
				IPHONEOS_DEPLOYMENT_TARGET = 17.0;
				MARKETING_VERSION = 1.0;
				PRODUCT_BUNDLE_IDENTIFIER = in.fishbe.AdventOfCode2023Tests;
				PRODUCT_NAME = "$(TARGET_NAME)";
				SWIFT_EMIT_LOC_STRINGS = NO;
				SWIFT_VERSION = 5.0;
				TARGETED_DEVICE_FAMILY = "1,2";
				TEST_HOST = "$(BUILT_PRODUCTS_DIR)/AdventOfCode2023.app/$(BUNDLE_EXECUTABLE_FOLDER_PATH)/AdventOfCode2023";
			};
			name = Release;
		};
		4AAA88FC2B17F389005375D3 /* Debug */ = {
			isa = XCBuildConfiguration;
			buildSettings = {
				ALWAYS_EMBED_SWIFT_STANDARD_LIBRARIES = YES;
				CODE_SIGN_STYLE = Automatic;
				CURRENT_PROJECT_VERSION = 1;
				DEVELOPMENT_TEAM = TBD9WS93KZ;
				GENERATE_INFOPLIST_FILE = YES;
				MARKETING_VERSION = 1.0;
				PRODUCT_BUNDLE_IDENTIFIER = in.fishbe.AdventOfCode2023UITests;
				PRODUCT_NAME = "$(TARGET_NAME)";
				SWIFT_EMIT_LOC_STRINGS = NO;
				SWIFT_VERSION = 5.0;
				TARGETED_DEVICE_FAMILY = "1,2";
				TEST_TARGET_NAME = AdventOfCode2023;
			};
			name = Debug;
		};
		4AAA88FD2B17F389005375D3 /* Release */ = {
			isa = XCBuildConfiguration;
			buildSettings = {
				ALWAYS_EMBED_SWIFT_STANDARD_LIBRARIES = YES;
				CODE_SIGN_STYLE = Automatic;
				CURRENT_PROJECT_VERSION = 1;
				DEVELOPMENT_TEAM = TBD9WS93KZ;
				GENERATE_INFOPLIST_FILE = YES;
				MARKETING_VERSION = 1.0;
				PRODUCT_BUNDLE_IDENTIFIER = in.fishbe.AdventOfCode2023UITests;
				PRODUCT_NAME = "$(TARGET_NAME)";
				SWIFT_EMIT_LOC_STRINGS = NO;
				SWIFT_VERSION = 5.0;
				TARGETED_DEVICE_FAMILY = "1,2";
				TEST_TARGET_NAME = AdventOfCode2023;
			};
			name = Release;
		};
/* End XCBuildConfiguration section */

/* Begin XCConfigurationList section */
		4AAA88CC2B17F388005375D3 /* Build configuration list for PBXProject "AdventOfCode2023" */ = {
			isa = XCConfigurationList;
			buildConfigurations = (
				4AAA88F32B17F389005375D3 /* Debug */,
				4AAA88F42B17F389005375D3 /* Release */,
			);
			defaultConfigurationIsVisible = 0;
			defaultConfigurationName = Release;
		};
		4AAA88F52B17F389005375D3 /* Build configuration list for PBXNativeTarget "AdventOfCode2023" */ = {
			isa = XCConfigurationList;
			buildConfigurations = (
				4AAA88F62B17F389005375D3 /* Debug */,
				4AAA88F72B17F389005375D3 /* Release */,
			);
			defaultConfigurationIsVisible = 0;
			defaultConfigurationName = Release;
		};
		4AAA88F82B17F389005375D3 /* Build configuration list for PBXNativeTarget "AdventOfCode2023Tests" */ = {
			isa = XCConfigurationList;
			buildConfigurations = (
				4AAA88F92B17F389005375D3 /* Debug */,
				4AAA88FA2B17F389005375D3 /* Release */,
			);
			defaultConfigurationIsVisible = 0;
			defaultConfigurationName = Release;
		};
		4AAA88FB2B17F389005375D3 /* Build configuration list for PBXNativeTarget "AdventOfCode2023UITests" */ = {
			isa = XCConfigurationList;
			buildConfigurations = (
				4AAA88FC2B17F389005375D3 /* Debug */,
				4AAA88FD2B17F389005375D3 /* Release */,
			);
			defaultConfigurationIsVisible = 0;
			defaultConfigurationName = Release;
		};
/* End XCConfigurationList section */
	};
	rootObject = 4AAA88C92B17F388005375D3 /* Project object */;
}
